
Microsoft Visual Studio Solution File, Format Version 12.00
# Visual Studio Version 17
VisualStudioVersion = 17.11.35327.3
MinimumVisualStudioVersion = 10.0.40219.1
Project("{FAE04EC0-301F-11D3-BF4B-00C04F79EFBC}") = "Inheritance", "Inheritance\Inheritance.csproj", "{05FFD4C8-2ED9-439C-84BB-FE9D789B59F3}"
EndProject
Global
	GlobalSection(SolutionConfigurationPlatforms) = preSolution
		Debug|Any CPU = Debug|Any CPU
		Release|Any CPU = Release|Any CPU
	EndGlobalSection
	GlobalSection(ProjectConfigurationPlatforms) = postSolution
		{05FFD4C8-2ED9-439C-84BB-FE9D789B59F3}.Debug|Any CPU.ActiveCfg = Debug|Any CPU
		{05FFD4C8-2ED9-439C-84BB-FE9D789B59F3}.Debug|Any CPU.Build.0 = Debug|Any CPU
		{05FFD4C8-2ED9-439C-84BB-FE9D789B59F3}.Release|Any CPU.ActiveCfg = Release|Any CPU
		{05FFD4C8-2ED9-439C-84BB-FE9D789B59F3}.Release|Any CPU.Build.0 = Release|Any CPU
	EndGlobalSection
	GlobalSection(SolutionProperties) = preSolution
		HideSolutionNode = FALSE
	EndGlobalSection
	GlobalSection(ExtensibilityGlobals) = postSolution
		SolutionGuid = {C2C7095C-EC9B-4CF5-9B65-EBAE00F85B6F}
	EndGlobalSection
EndGlobal
